{
  "name": "example-wais-marshalling",
  "version": "1.0.0",
  "lockfileVersion": 1,
  "requires": true,
  "dependencies": {
    "@jetblack/wasi-marshalling": {
      "version": "0.5.1",
      "resolved": "https://registry.npmjs.org/@jetblack/wasi-marshalling/-/wasi-marshalling-0.5.1.tgz",
      "integrity": "sha512-htKY7s5WcrtNIGlceoWjc8xauqm0TWeUw/mM6LwUYbAnn6wt13LZxa/8ykekre6FNx9swN+3szlRmws1eRtN/Q=="
    }
  }
}
